
Microsoft Visual Studio Solution File, Format Version 12.00
# Visual Studio 14
VisualStudioVersion = 14.0.24720.0
MinimumVisualStudioVersion = 10.0.40219.1
Project("{FAE04EC0-301F-11D3-BF4B-00C04F79EFBC}") = "FractalPainter", "FractalPainter\FractalPainter.csproj", "{2A3ACF0E-1D07-4A1A-8320-F99DC2DE791F}"
EndProject
Project("{2150E333-8FDC-42A3-9474-1A3956D46DE8}") = "Solution Items", "Solution Items", "{69794516-602F-468F-9F2C-9267DCFFEFAA}"
	ProjectSection(SolutionItems) = preProject
		README.md = README.md
	EndProjectSection
EndProject
Project("{FAE04EC0-301F-11D3-BF4B-00C04F79EFBC}") = "TagsCloudApp", "TagsCloudApp\TagsCloudApp.csproj", "{F6857E27-1126-4119-9996-D688A58341F6}"
EndProject
Project("{FAE04EC0-301F-11D3-BF4B-00C04F79EFBC}") = "TagsCloudApp.Tests", "TagsCloudApp.Tests\TagsCloudApp.Tests.csproj", "{041225BD-8A35-444B-BA54-3A54BA3436FA}"
EndProject
Global
	GlobalSection(SolutionConfigurationPlatforms) = preSolution
		Debug|Any CPU = Debug|Any CPU
		Release|Any CPU = Release|Any CPU
	EndGlobalSection
	GlobalSection(ProjectConfigurationPlatforms) = postSolution
		{2A3ACF0E-1D07-4A1A-8320-F99DC2DE791F}.Debug|Any CPU.ActiveCfg = Debug|Any CPU
		{2A3ACF0E-1D07-4A1A-8320-F99DC2DE791F}.Debug|Any CPU.Build.0 = Debug|Any CPU
		{2A3ACF0E-1D07-4A1A-8320-F99DC2DE791F}.Release|Any CPU.ActiveCfg = Release|Any CPU
		{2A3ACF0E-1D07-4A1A-8320-F99DC2DE791F}.Release|Any CPU.Build.0 = Release|Any CPU
		{F6857E27-1126-4119-9996-D688A58341F6}.Debug|Any CPU.ActiveCfg = Debug|Any CPU
		{F6857E27-1126-4119-9996-D688A58341F6}.Debug|Any CPU.Build.0 = Debug|Any CPU
		{F6857E27-1126-4119-9996-D688A58341F6}.Release|Any CPU.ActiveCfg = Release|Any CPU
		{F6857E27-1126-4119-9996-D688A58341F6}.Release|Any CPU.Build.0 = Release|Any CPU
		{041225BD-8A35-444B-BA54-3A54BA3436FA}.Debug|Any CPU.ActiveCfg = Debug|Any CPU
		{041225BD-8A35-444B-BA54-3A54BA3436FA}.Debug|Any CPU.Build.0 = Debug|Any CPU
		{041225BD-8A35-444B-BA54-3A54BA3436FA}.Release|Any CPU.ActiveCfg = Release|Any CPU
		{041225BD-8A35-444B-BA54-3A54BA3436FA}.Release|Any CPU.Build.0 = Release|Any CPU
	EndGlobalSection
	GlobalSection(SolutionProperties) = preSolution
		HideSolutionNode = FALSE
	EndGlobalSection
EndGlobal
